// !$*UTF8*$!
{
	archiveVersion = 1;
	classes = {
	};
	objectVersion = 46;
	objects = {

/* Begin PBXBuildFile section */
		EF9267FE1B5204B400B69729 /* main.m in Sources */ = {isa = PBXBuildFile; fileRef = EF9267FD1B5204B400B69729 /* main.m */; };
		EF9268011B5204B400B69729 /* AppDelegate.m in Sources */ = {isa = PBXBuildFile; fileRef = EF9268001B5204B400B69729 /* AppDelegate.m */; };
		EF9268041B5204B400B69729 /* HomeViewController.m in Sources */ = {isa = PBXBuildFile; fileRef = EF9268031B5204B400B69729 /* HomeViewController.m */; };
		EF9268071B5204B400B69729 /* Main.storyboard in Resources */ = {isa = PBXBuildFile; fileRef = EF9268051B5204B400B69729 /* Main.storyboard */; };
		EF9268091B5204B400B69729 /* Images.xcassets in Resources */ = {isa = PBXBuildFile; fileRef = EF9268081B5204B400B69729 /* Images.xcassets */; };
		EF92680C1B5204B400B69729 /* LaunchScreen.xib in Resources */ = {isa = PBXBuildFile; fileRef = EF92680A1B5204B400B69729 /* LaunchScreen.xib */; };
		EF9268181B5204B400B69729 /* HolidayDestinationsTests.m in Sources */ = {isa = PBXBuildFile; fileRef = EF9268171B5204B400B69729 /* HolidayDestinationsTests.m */; };
		EF9268231B5212A300B69729 /* HolidayViewController.m in Sources */ = {isa = PBXBuildFile; fileRef = EF9268221B5212A300B69729 /* HolidayViewController.m */; };
		EF9268261B52206600B69729 /* BookingViewController.m in Sources */ = {isa = PBXBuildFile; fileRef = EF9268251B52206600B69729 /* BookingViewController.m */; };
/* End PBXBuildFile section */

/* Begin PBXContainerItemProxy section */
		EF9268121B5204B400B69729 /* PBXContainerItemProxy */ = {
			isa = PBXContainerItemProxy;
			containerPortal = EF9267F01B5204B400B69729 /* Project object */;
			proxyType = 1;
			remoteGlobalIDString = EF9267F71B5204B400B69729;
			remoteInfo = HolidayDestinations;
		};
/* End PBXContainerItemProxy section */

/* Begin PBXFileReference section */
		EF9267F81B5204B400B69729 /* HolidayDestinations.app */ = {isa = PBXFileReference; explicitFileType = wrapper.application; includeInIndex = 0; path = HolidayDestinations.app; sourceTree = BUILT_PRODUCTS_DIR; };
		EF9267FC1B5204B400B69729 /* Info.plist */ = {isa = PBXFileReference; lastKnownFileType = text.plist.xml; path = Info.plist; sourceTree = "<group>"; };
		EF9267FD1B5204B400B69729 /* main.m */ = {isa = PBXFileReference; lastKnownFileType = sourcecode.c.objc; path = main.m; sourceTree = "<group>"; };
		EF9267FF1B5204B400B69729 /* AppDelegate.h */ = {isa = PBXFileReference; lastKnownFileType = sourcecode.c.h; path = AppDelegate.h; sourceTree = "<group>"; };
		EF9268001B5204B400B69729 /* AppDelegate.m */ = {isa = PBXFileReference; lastKnownFileType = sourcecode.c.objc; path = AppDelegate.m; sourceTree = "<group>"; };
		EF9268021B5204B400B69729 /* HomeViewController.h */ = {isa = PBXFileReference; lastKnownFileType = sourcecode.c.h; path = HomeViewController.h; sourceTree = "<group>"; };
		EF9268031B5204B400B69729 /* HomeViewController.m */ = {isa = PBXFileReference; lastKnownFileType = sourcecode.c.objc; path = HomeViewController.m; sourceTree = "<group>"; };
		EF9268061B5204B400B69729 /* Base */ = {isa = PBXFileReference; lastKnownFileType = file.storyboard; name = Base; path = Base.lproj/Main.storyboard; sourceTree = "<group>"; };
		EF9268081B5204B400B69729 /* Images.xcassets */ = {isa = PBXFileReference; lastKnownFileType = folder.assetcatalog; path = Images.xcassets; sourceTree = "<group>"; };
		EF92680B1B5204B400B69729 /* Base */ = {isa = PBXFileReference; lastKnownFileType = file.xib; name = Base; path = Base.lproj/LaunchScreen.xib; sourceTree = "<group>"; };
		EF9268111B5204B400B69729 /* HolidayDestinationsTests.xctest */ = {isa = PBXFileReference; explicitFileType = wrapper.cfbundle; includeInIndex = 0; path = HolidayDestinationsTests.xctest; sourceTree = BUILT_PRODUCTS_DIR; };
		EF9268161B5204B400B69729 /* Info.plist */ = {isa = PBXFileReference; lastKnownFileType = text.plist.xml; path = Info.plist; sourceTree = "<group>"; };
		EF9268171B5204B400B69729 /* HolidayDestinationsTests.m */ = {isa = PBXFileReference; lastKnownFileType = sourcecode.c.objc; path = HolidayDestinationsTests.m; sourceTree = "<group>"; };
		EF9268211B5212A300B69729 /* HolidayViewController.h */ = {isa = PBXFileReference; fileEncoding = 4; lastKnownFileType = sourcecode.c.h; path = HolidayViewController.h; sourceTree = "<group>"; };
		EF9268221B5212A300B69729 /* HolidayViewController.m */ = {isa = PBXFileReference; fileEncoding = 4; lastKnownFileType = sourcecode.c.objc; path = HolidayViewController.m; sourceTree = "<group>"; };
		EF9268241B52206600B69729 /* BookingViewController.h */ = {isa = PBXFileReference; fileEncoding = 4; lastKnownFileType = sourcecode.c.h; path = BookingViewController.h; sourceTree = "<group>"; };
		EF9268251B52206600B69729 /* BookingViewController.m */ = {isa = PBXFileReference; fileEncoding = 4; lastKnownFileType = sourcecode.c.objc; path = BookingViewController.m; sourceTree = "<group>"; };
/* End PBXFileReference section */

/* Begin PBXFrameworksBuildPhase section */
		EF9267F51B5204B400B69729 /* Frameworks */ = {
			isa = PBXFrameworksBuildPhase;
			buildActionMask = 2147483647;
			files = (
			);
			runOnlyForDeploymentPostprocessing = 0;
		};
		EF92680E1B5204B400B69729 /* Frameworks */ = {
			isa = PBXFrameworksBuildPhase;
			buildActionMask = 2147483647;
			files = (
			);
			runOnlyForDeploymentPostprocessing = 0;
		};
/* End PBXFrameworksBuildPhase section */

/* Begin PBXGroup section */
		EF9267EF1B5204B400B69729 = {
			isa = PBXGroup;
			children = (
				EF9267FA1B5204B400B69729 /* HolidayDestinations */,
				EF9268141B5204B400B69729 /* HolidayDestinationsTests */,
				EF9267F91B5204B400B69729 /* Products */,
			);
			sourceTree = "<group>";
		};
		EF9267F91B5204B400B69729 /* Products */ = {
			isa = PBXGroup;
			children = (
				EF9267F81B5204B400B69729 /* HolidayDestinations.app */,
				EF9268111B5204B400B69729 /* HolidayDestinationsTests.xctest */,
			);
			name = Products;
			sourceTree = "<group>";
		};
		EF9267FA1B5204B400B69729 /* HolidayDestinations */ = {
			isa = PBXGroup;
			children = (
				EF9267FF1B5204B400B69729 /* AppDelegate.h */,
				EF9268001B5204B400B69729 /* AppDelegate.m */,
				EF9268021B5204B400B69729 /* HomeViewController.h */,
				EF9268031B5204B400B69729 /* HomeViewController.m */,
				EF9268051B5204B400B69729 /* Main.storyboard */,
				EF9268081B5204B400B69729 /* Images.xcassets */,
				EF92680A1B5204B400B69729 /* LaunchScreen.xib */,
				EF9267FB1B5204B400B69729 /* Supporting Files */,
				EF9268211B5212A300B69729 /* HolidayViewController.h */,
				EF9268221B5212A300B69729 /* HolidayViewController.m */,
				EF9268241B52206600B69729 /* BookingViewController.h */,
				EF9268251B52206600B69729 /* BookingViewController.m */,
			);
			path = HolidayDestinations;
			sourceTree = "<group>";
		};
		EF9267FB1B5204B400B69729 /* Supporting Files */ = {
			isa = PBXGroup;
			children = (
				EF9267FC1B5204B400B69729 /* Info.plist */,
				EF9267FD1B5204B400B69729 /* main.m */,
			);
			name = "Supporting Files";
			sourceTree = "<group>";
		};
		EF9268141B5204B400B69729 /* HolidayDestinationsTests */ = {
			isa = PBXGroup;
			children = (
				EF9268171B5204B400B69729 /* HolidayDestinationsTests.m */,
				EF9268151B5204B400B69729 /* Supporting Files */,
			);
			path = HolidayDestinationsTests;
			sourceTree = "<group>";
		};
		EF9268151B5204B400B69729 /* Supporting Files */ = {
			isa = PBXGroup;
			children = (
				EF9268161B5204B400B69729 /* Info.plist */,
			);
			name = "Supporting Files";
			sourceTree = "<group>";
		};
/* End PBXGroup section */

/* Begin PBXNativeTarget section */
		EF9267F71B5204B400B69729 /* HolidayDestinations */ = {
			isa = PBXNativeTarget;
			buildConfigurationList = EF92681B1B5204B400B69729 /* Build configuration list for PBXNativeTarget "HolidayDestinations" */;
			buildPhases = (
				EF9267F41B5204B400B69729 /* Sources */,
				EF9267F51B5204B400B69729 /* Frameworks */,
				EF9267F61B5204B400B69729 /* Resources */,
			);
			buildRules = (
			);
			dependencies = (
			);
			name = HolidayDestinations;
			productName = HolidayDestinations;
			productReference = EF9267F81B5204B400B69729 /* HolidayDestinations.app */;
			productType = "com.apple.product-type.application";
		};
		EF9268101B5204B400B69729 /* HolidayDestinationsTests */ = {
			isa = PBXNativeTarget;
			buildConfigurationList = EF92681E1B5204B400B69729 /* Build configuration list for PBXNativeTarget "HolidayDestinationsTests" */;
			buildPhases = (
				EF92680D1B5204B400B69729 /* Sources */,
				EF92680E1B5204B400B69729 /* Frameworks */,
				EF92680F1B5204B400B69729 /* Resources */,
			);
			buildRules = (
			);
			dependencies = (
				EF9268131B5204B400B69729 /* PBXTargetDependency */,
			);
			name = HolidayDestinationsTests;
			productName = HolidayDestinationsTests;
			productReference = EF9268111B5204B400B69729 /* HolidayDestinationsTests.xctest */;
			productType = "com.apple.product-type.bundle.unit-test";
		};
/* End PBXNativeTarget section */

/* Begin PBXProject section */
		EF9267F01B5204B400B69729 /* Project object */ = {
			isa = PBXProject;
			attributes = {
				LastUpgradeCheck = 0640;
				ORGANIZATIONNAME = cosmic;
				TargetAttributes = {
					EF9267F71B5204B400B69729 = {
						CreatedOnToolsVersion = 6.4;
					};
					EF9268101B5204B400B69729 = {
						CreatedOnToolsVersion = 6.4;
						TestTargetID = EF9267F71B5204B400B69729;
					};
				};
			};
			buildConfigurationList = EF9267F31B5204B400B69729 /* Build configuration list for PBXProject "HolidayDestinations" */;
			compatibilityVersion = "Xcode 3.2";
			developmentRegion = English;
			hasScannedForEncodings = 0;
			knownRegions = (
				en,
				Base,
			);
			mainGroup = EF9267EF1B5204B400B69729;
			productRefGroup = EF9267F91B5204B400B69729 /* Products */;
			projectDirPath = "";
			projectRoot = "";
			targets = (
				EF9267F71B5204B400B69729 /* HolidayDestinations */,
				EF9268101B5204B400B69729 /* HolidayDestinationsTests */,
			);
		};
/* End PBXProject section */

/* Begin PBXResourcesBuildPhase section */
		EF9267F61B5204B400B69729 /* Resources */ = {
			isa = PBXResourcesBuildPhase;
			buildActionMask = 2147483647;
			files = (
				EF9268071B5204B400B69729 /* Main.storyboard in Resources */,
				EF92680C1B5204B400B69729 /* LaunchScreen.xib in Resources */,
				EF9268091B5204B400B69729 /* Images.xcassets in Resources */,
			);
			runOnlyForDeploymentPostprocessing = 0;
		};
		EF92680F1B5204B400B69729 /* Resources */ = {
			isa = PBXResourcesBuildPhase;
			buildActionMask = 2147483647;
			files = (
			);
			runOnlyForDeploymentPostprocessing = 0;
		};
/* End PBXResourcesBuildPhase section */

/* Begin PBXSourcesBuildPhase section */
		EF9267F41B5204B400B69729 /* Sources */ = {
			isa = PBXSourcesBuildPhase;
			buildActionMask = 2147483647;
			files = (
				EF9268041B5204B400B69729 /* HomeViewController.m in Sources */,
				EF9268011B5204B400B69729 /* AppDelegate.m in Sources */,
				EF9267FE1B5204B400B69729 /* main.m in Sources */,
				EF9268261B52206600B69729 /* BookingViewController.m in Sources */,
				EF9268231B5212A300B69729 /* HolidayViewController.m in Sources */,
			);
			runOnlyForDeploymentPostprocessing = 0;
		};
		EF92680D1B5204B400B69729 /* Sources */ = {
			isa = PBXSourcesBuildPhase;
			buildActionMask = 2147483647;
			files = (
				EF9268181B5204B400B69729 /* HolidayDestinationsTests.m in Sources */,
			);
			runOnlyForDeploymentPostprocessing = 0;
		};
/* End PBXSourcesBuildPhase section */

/* Begin PBXTargetDependency section */
		EF9268131B5204B400B69729 /* PBXTargetDependency */ = {
			isa = PBXTargetDependency;
			target = EF9267F71B5204B400B69729 /* HolidayDestinations */;
			targetProxy = EF9268121B5204B400B69729 /* PBXContainerItemProxy */;
		};
/* End PBXTargetDependency section */

/* Begin PBXVariantGroup section */
		EF9268051B5204B400B69729 /* Main.storyboard */ = {
			isa = PBXVariantGroup;
			children = (
				EF9268061B5204B400B69729 /* Base */,
			);
			name = Main.storyboard;
			sourceTree = "<group>";
		};
		EF92680A1B5204B400B69729 /* LaunchScreen.xib */ = {
			isa = PBXVariantGroup;
			children = (
				EF92680B1B5204B400B69729 /* Base */,
			);
			name = LaunchScreen.xib;
			sourceTree = "<group>";
		};
/* End PBXVariantGroup section */

/* Begin XCBuildConfiguration section */
		EF9268191B5204B400B69729 /* Debug */ = {
			isa = XCBuildConfiguration;
			buildSettings = {
				ALWAYS_SEARCH_USER_PATHS = NO;
				CLANG_CXX_LANGUAGE_STANDARD = "gnu++0x";
				CLANG_CXX_LIBRARY = "libc++";
				CLANG_ENABLE_MODULES = YES;
				CLANG_ENABLE_OBJC_ARC = YES;
				CLANG_WARN_BOOL_CONVERSION = YES;
				CLANG_WARN_CONSTANT_CONVERSION = YES;
				CLANG_WARN_DIRECT_OBJC_ISA_USAGE = YES_ERROR;
				CLANG_WARN_EMPTY_BODY = YES;
				CLANG_WARN_ENUM_CONVERSION = YES;
				CLANG_WARN_INT_CONVERSION = YES;
				CLANG_WARN_OBJC_ROOT_CLASS = YES_ERROR;
				CLANG_WARN_UNREACHABLE_CODE = YES;
				CLANG_WARN__DUPLICATE_METHOD_MATCH = YES;
				"CODE_SIGN_IDENTITY[sdk=iphoneos*]" = "iPhone Developer";
				COPY_PHASE_STRIP = NO;
				DEBUG_INFORMATION_FORMAT = "dwarf-with-dsym";
				ENABLE_STRICT_OBJC_MSGSEND = YES;
				GCC_C_LANGUAGE_STANDARD = gnu99;
				GCC_DYNAMIC_NO_PIC = NO;
				GCC_NO_COMMON_BLOCKS = YES;
				GCC_OPTIMIZATION_LEVEL = 0;
				GCC_PREPROCESSOR_DEFINITIONS = (
					"DEBUG=1",
					"$(inherited)",
				);
				GCC_SYMBOLS_PRIVATE_EXTERN = NO;
				GCC_WARN_64_TO_32_BIT_CONVERSION = YES;
				GCC_WARN_ABOUT_RETURN_TYPE = YES_ERROR;
				GCC_WARN_UNDECLARED_SELECTOR = YES;
				GCC_WARN_UNINITIALIZED_AUTOS = YES_AGGRESSIVE;
				GCC_WARN_UNUSED_FUNCTION = YES;
				GCC_WARN_UNUSED_VARIABLE = YES;
				IPHONEOS_DEPLOYMENT_TARGET = 8.4;
				MTL_ENABLE_DEBUG_INFO = YES;
				ONLY_ACTIVE_ARCH = YES;
				SDKROOT = iphoneos;
			};
			name = Debug;
		};
		EF92681A1B5204B400B69729 /* Release */ = {
			isa = XCBuildConfiguration;
			buildSettings = {
				ALWAYS_SEARCH_USER_PATHS = NO;
				CLANG_CXX_LANGUAGE_STANDARD = "gnu++0x";
				CLANG_CXX_LIBRARY = "libc++";
				CLANG_ENABLE_MODULES = YES;
				CLANG_ENABLE_OBJC_ARC = YES;
				CLANG_WARN_BOOL_CONVERSION = YES;
				CLANG_WARN_CONSTANT_CONVERSION = YES;
				CLANG_WARN_DIRECT_OBJC_ISA_USAGE = YES_ERROR;
				CLANG_WARN_EMPTY_BODY = YES;
				CLANG_WARN_ENUM_CONVERSION = YES;
				CLANG_WARN_INT_CONVERSION = YES;
				CLANG_WARN_OBJC_ROOT_CLASS = YES_ERROR;
				CLANG_WARN_UNREACHABLE_CODE = YES;
				CLANG_WARN__DUPLICATE_METHOD_MATCH = YES;
				"CODE_SIGN_IDENTITY[sdk=iphoneos*]" = "iPhone Developer";
				COPY_PHASE_STRIP = NO;
				DEBUG_INFORMATION_FORMAT = "dwarf-with-dsym";
				ENABLE_NS_ASSERTIONS = NO;
				ENABLE_STRICT_OBJC_MSGSEND = YES;
				GCC_C_LANGUAGE_STANDARD = gnu99;
				GCC_NO_COMMON_BLOCKS = YES;
				GCC_WARN_64_TO_32_BIT_CONVERSION = YES;
				GCC_WARN_ABOUT_RETURN_TYPE = YES_ERROR;
				GCC_WARN_UNDECLARED_SELECTOR = YES;
				GCC_WARN_UNINITIALIZED_AUTOS = YES_AGGRESSIVE;
				GCC_WARN_UNUSED_FUNCTION = YES;
				GCC_WARN_UNUSED_VARIABLE = YES;
				IPHONEOS_DEPLOYMENT_TARGET = 8.4;
				MTL_ENABLE_DEBUG_INFO = NO;
				SDKROOT = iphoneos;
				VALIDATE_PRODUCT = YES;
			};
			name = Release;
		};
		EF92681C1B5204B400B69729 /* Debug */ = {
			isa = XCBuildConfiguration;
			buildSettings = {
				ASSETCATALOG_COMPILER_APPICON_NAME = AppIcon;
				INFOPLIST_FILE = HolidayDestinations/Info.plist;
				LD_RUNPATH_SEARCH_PATHS = "$(inherited) @executable_path/Frameworks";
				PRODUCT_NAME = "$(TARGET_NAME)";
			};
			name = Debug;
		};
		EF92681D1B5204B400B69729 /* Release */ = {
			isa = XCBuildConfiguration;
			buildSettings = {
				ASSETCATALOG_COMPILER_APPICON_NAME = AppIcon;
				INFOPLIST_FILE = HolidayDestinations/Info.plist;
				LD_RUNPATH_SEARCH_PATHS = "$(inherited) @executable_path/Frameworks";
				PRODUCT_NAME = "$(TARGET_NAME)";
			};
			name = Release;
		};
		EF92681F1B5204B400B69729 /* Debug */ = {
			isa = XCBuildConfiguration;
			buildSettings = {
				BUNDLE_LOADER = "$(TEST_HOST)";
				FRAMEWORK_SEARCH_PATHS = (
					"$(SDKROOT)/Developer/Library/Frameworks",
					"$(inherited)",
				);
				GCC_PREPROCESSOR_DEFINITIONS = (
					"DEBUG=1",
					"$(inherited)",
				);
				INFOPLIST_FILE = HolidayDestinationsTests/Info.plist;
				LD_RUNPATH_SEARCH_PATHS = "$(inherited) @executable_path/Frameworks @loader_path/Frameworks";
				PRODUCT_NAME = "$(TARGET_NAME)";
				TEST_HOST = "$(BUILT_PRODUCTS_DIR)/HolidayDestinations.app/HolidayDestinations";
			};
			name = Debug;
		};
		EF9268201B5204B400B69729 /* Release */ = {
			isa = XCBuildConfiguration;
			buildSettings = {
				BUNDLE_LOADER = "$(TEST_HOST)";
				FRAMEWORK_SEARCH_PATHS = (
					"$(SDKROOT)/Developer/Library/Frameworks",
					"$(inherited)",
				);
				INFOPLIST_FILE = HolidayDestinationsTests/Info.plist;
				LD_RUNPATH_SEARCH_PATHS = "$(inherited) @executable_path/Frameworks @loader_path/Frameworks";
				PRODUCT_NAME = "$(TARGET_NAME)";
				TEST_HOST = "$(BUILT_PRODUCTS_DIR)/HolidayDestinations.app/HolidayDestinations";
			};
			name = Release;
		};
/* End XCBuildConfiguration section */

/* Begin XCConfigurationList section */
		EF9267F31B5204B400B69729 /* Build configuration list for PBXProject "HolidayDestinations" */ = {
			isa = XCConfigurationList;
			buildConfigurations = (
				EF9268191B5204B400B69729 /* Debug */,
				EF92681A1B5204B400B69729 /* Release */,
			);
			defaultConfigurationIsVisible = 0;
			defaultConfigurationName = Release;
		};
		EF92681B1B5204B400B69729 /* Build configuration list for PBXNativeTarget "HolidayDestinations" */ = {
			isa = XCConfigurationList;
			buildConfigurations = (
				EF92681C1B5204B400B69729 /* Debug */,
				EF92681D1B5204B400B69729 /* Release */,
			);
			defaultConfigurationIsVisible = 0;
		};
		EF92681E1B5204B400B69729 /* Build configuration list for PBXNativeTarget "HolidayDestinationsTests" */ = {
			isa = XCConfigurationList;
			buildConfigurations = (
				EF92681F1B5204B400B69729 /* Debug */,
				EF9268201B5204B400B69729 /* Release */,
			);
			defaultConfigurationIsVisible = 0;
		};
/* End XCConfigurationList section */
	};
	rootObject = EF9267F01B5204B400B69729 /* Project object */;
}
